{
    "_readme": [
        "This file locks the dependencies of your project to a known state",
        "Read more about it at https://getcomposer.org/doc/01-basic-usage.md#installing-dependencies",
        "This file is @generated automatically"
    ],
    "content-hash": "396d91af36fe1b73ffd1eabb5c86ad5a",
    "packages": [
        {
            "name": "as247/wp-eloquent",
            "version": "v2.1.9",
            "source": {
                "type": "git",
                "url": "https://github.com/as247/wp-eloquent.git",
                "reference": "730ac1479dccfc56dd927b6ffd75024c7e5f98ed"
            },
            "dist": {
                "type": "zip",
                "url": "https://api.github.com/repos/as247/wp-eloquent/zipball/730ac1479dccfc56dd927b6ffd75024c7e5f98ed",
                "reference": "730ac1479dccfc56dd927b6ffd75024c7e5f98ed",
                "shasum": ""
            },
            "require": {
                "ext-json": "*",
                "ext-pdo": "*",
                "php": "^7.3|^8.0"
            },
            "suggest": {
                "doctrine/dbal": "Required to rename columns and drop SQLite columns (^2.6).",
                "fzaninotto/faker": "Required to use the eloquent factory builder (^1.9.1).",
                "symfony/finder": "Required to use Eloquent model factories (^5.1)."
            },
            "type": "library",
            "autoload": {
                "files": [
                    "src/Support/helpers.php"
                ],
                "psr-4": {
                    "As247\\WpEloquent\\": "src"
                }
            },
            "notification-url": "https://packagist.org/downloads/",
            "license": [
                "MIT"
            ],
            "authors": [
                {
                    "name": "As247",
                    "email": "as247@vui360.com"
                }
            ],
            "description": "Eloquent ORM for wordpress.",
            "homepage": "https://github.com/as247/wp-eloquent",
            "keywords": [
                "as247",
                "database",
                "laravel",
                "orm",
                "sql",
                "wp-eloquent"
            ],
            "support": {
                "issues": "https://github.com/as247/wp-eloquent/issues",
                "source": "https://github.com/as247/wp-eloquent"
            },
            "time": "2023-11-21T05:49:05+00:00"
        },
        {
            "name": "tareq1988/wordpress-settings-api-class",
            "version": "dev-master",
            "source": {
                "type": "git",
                "url": "https://github.com/tareq1988/wordpress-settings-api-class.git",
                "reference": "243544eeb83be10e629dd89eb487b96e4170ed57"
            },
            "dist": {
                "type": "zip",
                "url": "https://api.github.com/repos/tareq1988/wordpress-settings-api-class/zipball/243544eeb83be10e629dd89eb487b96e4170ed57",
                "reference": "243544eeb83be10e629dd89eb487b96e4170ed57",
                "shasum": ""
            },
            "require": {
                "php": ">=5.2.4"
            },
            "default-branch": true,
            "type": "library",
            "autoload": {
                "classmap": [
                    "src/"
                ]
            },
            "notification-url": "https://packagist.org/downloads/",
            "license": [
                "GPLv2"
            ],
            "authors": [
                {
                    "name": "Tareq Hasan",
                    "email": "tareq@wedevs.com",
                    "homepage": "http://tareq.wedevs.com",
                    "role": "Developer"
                }
            ],
            "description": "WordPress settings API Abstraction Class",
            "homepage": "https://github.com/tareq1988/wordpress-settings-api-class",
            "keywords": [
                "settings-api",
                "wordpress",
                "wp"
            ],
            "support": {
                "issues": "https://github.com/tareq1988/wordpress-settings-api-class/issues",
                "source": "https://github.com/tareq1988/wordpress-settings-api-class/tree/master"
            },
            "time": "2018-05-01T19:33:47+00:00"
        }
    ],
    "packages-dev": [],
    "aliases": [],
    "minimum-stability": "stable",
    "stability-flags": {
        "tareq1988/wordpress-settings-api-class": 20
    },
    "prefer-stable": false,
    "prefer-lowest": false,
    "platform": [],
    "platform-dev": [],
    "plugin-api-version": "2.3.0"
}
